
Microsoft Visual Studio Solution File, Format Version 12.00
# Visual Studio Version 16
VisualStudioVersion = 16.0.29709.97
MinimumVisualStudioVersion = 10.0.40219.1
Project("{FAE04EC0-301F-11D3-BF4B-00C04F79EFBC}") = "LatvanyossagApplication", "LatvanyossagApplication\LatvanyossagApplication.csproj", "{811264A7-20F9-4AB5-BEFE-81BE1E704CF9}"
EndProject
Global
	GlobalSection(SolutionConfigurationPlatforms) = preSolution
		Debug|Any CPU = Debug|Any CPU
		Release|Any CPU = Release|Any CPU
	EndGlobalSection
	GlobalSection(ProjectConfigurationPlatforms) = postSolution
		{811264A7-20F9-4AB5-BEFE-81BE1E704CF9}.Debug|Any CPU.ActiveCfg = Debug|Any CPU
		{811264A7-20F9-4AB5-BEFE-81BE1E704CF9}.Debug|Any CPU.Build.0 = Debug|Any CPU
		{811264A7-20F9-4AB5-BEFE-81BE1E704CF9}.Release|Any CPU.ActiveCfg = Release|Any CPU
		{811264A7-20F9-4AB5-BEFE-81BE1E704CF9}.Release|Any CPU.Build.0 = Release|Any CPU
	EndGlobalSection
	GlobalSection(SolutionProperties) = preSolution
		HideSolutionNode = FALSE
	EndGlobalSection
	GlobalSection(ExtensibilityGlobals) = postSolution
		SolutionGuid = {7B1AD4C5-06BA-4824-8874-1AE3F3623CDC}
	EndGlobalSection
EndGlobal
